{
  "name": "plataforma-total-de-aprendizaje",
  "version": "0.1.0",
  "lockfileVersion": 3,
  "requires": true,
  "packages": {
    "": {
      "name": "plataforma-total-de-aprendizaje",
      "version": "0.1.0",
      "workspaces": [
        "apps/*",
        "services/*",
        "packages/*"
      ],
      "devDependencies": {
        "typescript": "^5.6.3"
      },
      "engines": {
        "node": ">=20"
      }
    },
    "apps/mobile": {
      "name": "@plataforma/mobile",
      "version": "0.1.0"
    },
    "apps/web": {
      "name": "@plataforma/web",
      "version": "0.1.0"
    },
    "node_modules/@plataforma/ai": {
      "resolved": "packages/ai",
      "link": true
    },
    "node_modules/@plataforma/api": {
      "resolved": "services/api",
      "link": true
    },
    "node_modules/@plataforma/config": {
      "resolved": "packages/config",
      "link": true
    },
    "node_modules/@plataforma/domain": {
      "resolved": "packages/domain",
      "link": true
    },
    "node_modules/@plataforma/learning": {
      "resolved": "packages/learning",
      "link": true
    },
    "node_modules/@plataforma/mobile": {
      "resolved": "apps/mobile",
      "link": true
    },
    "node_modules/@plataforma/sync": {
      "resolved": "packages/sync",
      "link": true
    },
    "node_modules/@plataforma/sync-service": {
      "resolved": "services/sync",
      "link": true
    },
    "node_modules/@plataforma/ui": {
      "resolved": "packages/ui",
      "link": true
    },
    "node_modules/@plataforma/web": {
      "resolved": "apps/web",
      "link": true
    },
    "node_modules/typescript": {
      "version": "5.9.3",
      "resolved": "https://registry.npmjs.org/typescript/-/typescript-5.9.3.tgz",
      "integrity": "sha512-jl1vZzPDinLr9eUt3J/t7V6FgNEw9QjvBPdysz9KfQDD41fQrC2Y4vKQdiaUpFT4bXlb1RHhLpp8wtm6M5TgSw==",
      "dev": true,
      "license": "Apache-2.0",
      "bin": {
        "tsc": "bin/tsc",
        "tsserver": "bin/tsserver"
      },
      "engines": {
        "node": ">=14.17"
      }
    },
    "packages/ai": {
      "name": "@plataforma/ai",
      "version": "0.1.0"
    },
    "packages/config": {
      "name": "@plataforma/config",
      "version": "0.1.0"
    },
    "packages/domain": {
      "name": "@plataforma/domain",
      "version": "0.1.0"
    },
    "packages/learning": {
      "name": "@plataforma/learning",
      "version": "0.1.0",
      "dependencies": {
        "@plataforma/domain": "0.1.0"
      }
    },
    "packages/sync": {
      "name": "@plataforma/sync",
      "version": "0.1.0",
      "dependencies": {
        "@plataforma/domain": "0.1.0"
      }
    },
    "packages/ui": {
      "name": "@plataforma/ui",
      "version": "0.1.0"
    },
    "services/api": {
      "name": "@plataforma/api",
      "version": "0.1.0"
    },
    "services/sync": {
      "name": "@plataforma/sync-service",
      "version": "0.1.0"
    }
  }
}
